
Microsoft Visual Studio Solution File, Format Version 12.00
# Visual Studio Version 16
VisualStudioVersion = 16.0.31112.23
MinimumVisualStudioVersion = 10.0.40219.1
Project("{FAE04EC0-301F-11D3-BF4B-00C04F79EFBC}") = "NguyenDangTanHung_5951071126", "NguyenDangTanHung_5951071126\NguyenDangTanHung_5951071126.csproj", "{9DB09662-941D-46D7-A450-15D376E6A247}"
EndProject
Global
	GlobalSection(SolutionConfigurationPlatforms) = preSolution
		Debug|Any CPU = Debug|Any CPU
		Release|Any CPU = Release|Any CPU
	EndGlobalSection
	GlobalSection(ProjectConfigurationPlatforms) = postSolution
		{9DB09662-941D-46D7-A450-15D376E6A247}.Debug|Any CPU.ActiveCfg = Debug|Any CPU
		{9DB09662-941D-46D7-A450-15D376E6A247}.Debug|Any CPU.Build.0 = Debug|Any CPU
		{9DB09662-941D-46D7-A450-15D376E6A247}.Release|Any CPU.ActiveCfg = Release|Any CPU
		{9DB09662-941D-46D7-A450-15D376E6A247}.Release|Any CPU.Build.0 = Release|Any CPU
	EndGlobalSection
	GlobalSection(SolutionProperties) = preSolution
		HideSolutionNode = FALSE
	EndGlobalSection
	GlobalSection(ExtensibilityGlobals) = postSolution
		SolutionGuid = {8EC8431F-BE34-4C3F-BD5B-132D8AE6E5AA}
	EndGlobalSection
EndGlobal
